
Microsoft Visual Studio Solution File, Format Version 12.00
# Visual Studio 15
VisualStudioVersion = 15.0.26430.6
MinimumVisualStudioVersion = 10.0.40219.1
Project("{FAE04EC0-301F-11D3-BF4B-00C04F79EFBC}") = "Galaxy Explorer", "Galaxy Explorer\Galaxy Explorer.csproj", "{13A45C13-3265-47B8-BC48-A553B569DF55}"
EndProject
Project("{FAE04EC0-301F-11D3-BF4B-00C04F79EFBC}") = "Assembly-CSharp", "GeneratedProjects\UWP\Assembly-CSharp\Assembly-CSharp.csproj", "{EE9099AF-5E62-44DA-9B1A-9D8C56F5EA88}"
EndProject
Project("{FAE04EC0-301F-11D3-BF4B-00C04F79EFBC}") = "Assembly-CSharp-firstpass", "GeneratedProjects\UWP\Assembly-CSharp-firstpass\Assembly-CSharp-firstpass.csproj", "{EB9C10D3-3A8D-4EFE-AFB5-747AC5A6217E}"
EndProject
Project("{FAE04EC0-301F-11D3-BF4B-00C04F79EFBC}") = "GE_POIMaker", "GE_POIMaker\GE_POIMaker.csproj", "{D3C5D025-015D-4BC0-942B-A4CB48B0A614}"
EndProject
Global
	GlobalSection(SolutionConfigurationPlatforms) = preSolution
		Debug|Any CPU = Debug|Any CPU
		Debug|ARM = Debug|ARM
		Debug|x64 = Debug|x64
		Debug|x86 = Debug|x86
		Master|Any CPU = Master|Any CPU
		Master|ARM = Master|ARM
		Master|x64 = Master|x64
		Master|x86 = Master|x86
		Release|Any CPU = Release|Any CPU
		Release|ARM = Release|ARM
		Release|x64 = Release|x64
		Release|x86 = Release|x86
	EndGlobalSection
	GlobalSection(ProjectConfigurationPlatforms) = postSolution
		{13A45C13-3265-47B8-BC48-A553B569DF55}.Debug|Any CPU.ActiveCfg = Debug|x86
		{13A45C13-3265-47B8-BC48-A553B569DF55}.Debug|ARM.ActiveCfg = Debug|ARM
		{13A45C13-3265-47B8-BC48-A553B569DF55}.Debug|ARM.Build.0 = Debug|ARM
		{13A45C13-3265-47B8-BC48-A553B569DF55}.Debug|ARM.Deploy.0 = Debug|ARM
		{13A45C13-3265-47B8-BC48-A553B569DF55}.Debug|x64.ActiveCfg = Debug|x64
		{13A45C13-3265-47B8-BC48-A553B569DF55}.Debug|x64.Build.0 = Debug|x64
		{13A45C13-3265-47B8-BC48-A553B569DF55}.Debug|x64.Deploy.0 = Debug|x64
		{13A45C13-3265-47B8-BC48-A553B569DF55}.Debug|x86.ActiveCfg = Debug|x86
		{13A45C13-3265-47B8-BC48-A553B569DF55}.Debug|x86.Build.0 = Debug|x86
		{13A45C13-3265-47B8-BC48-A553B569DF55}.Debug|x86.Deploy.0 = Debug|x86
		{13A45C13-3265-47B8-BC48-A553B569DF55}.Master|Any CPU.ActiveCfg = Master|x86
		{13A45C13-3265-47B8-BC48-A553B569DF55}.Master|ARM.ActiveCfg = Master|ARM
		{13A45C13-3265-47B8-BC48-A553B569DF55}.Master|ARM.Build.0 = Master|ARM
		{13A45C13-3265-47B8-BC48-A553B569DF55}.Master|ARM.Deploy.0 = Master|ARM
		{13A45C13-3265-47B8-BC48-A553B569DF55}.Master|x64.ActiveCfg = Master|x64
		{13A45C13-3265-47B8-BC48-A553B569DF55}.Master|x64.Build.0 = Master|x64
		{13A45C13-3265-47B8-BC48-A553B569DF55}.Master|x64.Deploy.0 = Master|x64
		{13A45C13-3265-47B8-BC48-A553B569DF55}.Master|x86.ActiveCfg = Master|x86
		{13A45C13-3265-47B8-BC48-A553B569DF55}.Master|x86.Build.0 = Master|x86
		{13A45C13-3265-47B8-BC48-A553B569DF55}.Master|x86.Deploy.0 = Master|x86
		{13A45C13-3265-47B8-BC48-A553B569DF55}.Release|Any CPU.ActiveCfg = Release|x86
		{13A45C13-3265-47B8-BC48-A553B569DF55}.Release|ARM.ActiveCfg = Release|ARM
		{13A45C13-3265-47B8-BC48-A553B569DF55}.Release|ARM.Build.0 = Release|ARM
		{13A45C13-3265-47B8-BC48-A553B569DF55}.Release|ARM.Deploy.0 = Release|ARM
		{13A45C13-3265-47B8-BC48-A553B569DF55}.Release|x64.ActiveCfg = Release|x64
		{13A45C13-3265-47B8-BC48-A553B569DF55}.Release|x64.Build.0 = Release|x64
		{13A45C13-3265-47B8-BC48-A553B569DF55}.Release|x64.Deploy.0 = Release|x64
		{13A45C13-3265-47B8-BC48-A553B569DF55}.Release|x86.ActiveCfg = Release|x86
		{13A45C13-3265-47B8-BC48-A553B569DF55}.Release|x86.Build.0 = Release|x86
		{13A45C13-3265-47B8-BC48-A553B569DF55}.Release|x86.Deploy.0 = Release|x86
		{EE9099AF-5E62-44DA-9B1A-9D8C56F5EA88}.Debug|Any CPU.ActiveCfg = Debug|x86
		{EE9099AF-5E62-44DA-9B1A-9D8C56F5EA88}.Debug|ARM.ActiveCfg = Debug|ARM
		{EE9099AF-5E62-44DA-9B1A-9D8C56F5EA88}.Debug|ARM.Build.0 = Debug|ARM
		{EE9099AF-5E62-44DA-9B1A-9D8C56F5EA88}.Debug|x64.ActiveCfg = Debug|x64
		{EE9099AF-5E62-44DA-9B1A-9D8C56F5EA88}.Debug|x64.Build.0 = Debug|x64
		{EE9099AF-5E62-44DA-9B1A-9D8C56F5EA88}.Debug|x86.ActiveCfg = Debug|x86
		{EE9099AF-5E62-44DA-9B1A-9D8C56F5EA88}.Debug|x86.Build.0 = Debug|x86
		{EE9099AF-5E62-44DA-9B1A-9D8C56F5EA88}.Master|Any CPU.ActiveCfg = Master|x86
		{EE9099AF-5E62-44DA-9B1A-9D8C56F5EA88}.Master|ARM.ActiveCfg = Master|ARM
		{EE9099AF-5E62-44DA-9B1A-9D8C56F5EA88}.Master|ARM.Build.0 = Master|ARM
		{EE9099AF-5E62-44DA-9B1A-9D8C56F5EA88}.Master|x64.ActiveCfg = Master|x64
		{EE9099AF-5E62-44DA-9B1A-9D8C56F5EA88}.Master|x64.Build.0 = Master|x64
		{EE9099AF-5E62-44DA-9B1A-9D8C56F5EA88}.Master|x86.ActiveCfg = Master|x86
		{EE9099AF-5E62-44DA-9B1A-9D8C56F5EA88}.Master|x86.Build.0 = Master|x86
		{EE9099AF-5E62-44DA-9B1A-9D8C56F5EA88}.Release|Any CPU.ActiveCfg = Release|x86
		{EE9099AF-5E62-44DA-9B1A-9D8C56F5EA88}.Release|ARM.ActiveCfg = Release|ARM
		{EE9099AF-5E62-44DA-9B1A-9D8C56F5EA88}.Release|ARM.Build.0 = Release|ARM
		{EE9099AF-5E62-44DA-9B1A-9D8C56F5EA88}.Release|x64.ActiveCfg = Release|x64
		{EE9099AF-5E62-44DA-9B1A-9D8C56F5EA88}.Release|x64.Build.0 = Release|x64
		{EE9099AF-5E62-44DA-9B1A-9D8C56F5EA88}.Release|x86.ActiveCfg = Release|x86
		{EE9099AF-5E62-44DA-9B1A-9D8C56F5EA88}.Release|x86.Build.0 = Release|x86
		{EB9C10D3-3A8D-4EFE-AFB5-747AC5A6217E}.Debug|Any CPU.ActiveCfg = Debug|x86
		{EB9C10D3-3A8D-4EFE-AFB5-747AC5A6217E}.Debug|ARM.ActiveCfg = Debug|ARM
		{EB9C10D3-3A8D-4EFE-AFB5-747AC5A6217E}.Debug|ARM.Build.0 = Debug|ARM
		{EB9C10D3-3A8D-4EFE-AFB5-747AC5A6217E}.Debug|x64.ActiveCfg = Debug|x64
		{EB9C10D3-3A8D-4EFE-AFB5-747AC5A6217E}.Debug|x64.Build.0 = Debug|x64
		{EB9C10D3-3A8D-4EFE-AFB5-747AC5A6217E}.Debug|x86.ActiveCfg = Debug|x86
		{EB9C10D3-3A8D-4EFE-AFB5-747AC5A6217E}.Debug|x86.Build.0 = Debug|x86
		{EB9C10D3-3A8D-4EFE-AFB5-747AC5A6217E}.Master|Any CPU.ActiveCfg = Master|x86
		{EB9C10D3-3A8D-4EFE-AFB5-747AC5A6217E}.Master|ARM.ActiveCfg = Master|ARM
		{EB9C10D3-3A8D-4EFE-AFB5-747AC5A6217E}.Master|ARM.Build.0 = Master|ARM
		{EB9C10D3-3A8D-4EFE-AFB5-747AC5A6217E}.Master|x64.ActiveCfg = Master|x64
		{EB9C10D3-3A8D-4EFE-AFB5-747AC5A6217E}.Master|x64.Build.0 = Master|x64
		{EB9C10D3-3A8D-4EFE-AFB5-747AC5A6217E}.Master|x86.ActiveCfg = Master|x86
		{EB9C10D3-3A8D-4EFE-AFB5-747AC5A6217E}.Master|x86.Build.0 = Master|x86
		{EB9C10D3-3A8D-4EFE-AFB5-747AC5A6217E}.Release|Any CPU.ActiveCfg = Release|x86
		{EB9C10D3-3A8D-4EFE-AFB5-747AC5A6217E}.Release|ARM.ActiveCfg = Release|ARM
		{EB9C10D3-3A8D-4EFE-AFB5-747AC5A6217E}.Release|ARM.Build.0 = Release|ARM
		{EB9C10D3-3A8D-4EFE-AFB5-747AC5A6217E}.Release|x64.ActiveCfg = Release|x64
		{EB9C10D3-3A8D-4EFE-AFB5-747AC5A6217E}.Release|x64.Build.0 = Release|x64
		{EB9C10D3-3A8D-4EFE-AFB5-747AC5A6217E}.Release|x86.ActiveCfg = Release|x86
		{EB9C10D3-3A8D-4EFE-AFB5-747AC5A6217E}.Release|x86.Build.0 = Release|x86
		{D3C5D025-015D-4BC0-942B-A4CB48B0A614}.Debug|Any CPU.ActiveCfg = Debug|Any CPU
		{D3C5D025-015D-4BC0-942B-A4CB48B0A614}.Debug|Any CPU.Build.0 = Debug|Any CPU
		{D3C5D025-015D-4BC0-942B-A4CB48B0A614}.Debug|ARM.ActiveCfg = Debug|Any CPU
		{D3C5D025-015D-4BC0-942B-A4CB48B0A614}.Debug|ARM.Build.0 = Debug|Any CPU
		{D3C5D025-015D-4BC0-942B-A4CB48B0A614}.Debug|x64.ActiveCfg = Debug|Any CPU
		{D3C5D025-015D-4BC0-942B-A4CB48B0A614}.Debug|x64.Build.0 = Debug|Any CPU
		{D3C5D025-015D-4BC0-942B-A4CB48B0A614}.Debug|x86.ActiveCfg = Debug|Any CPU
		{D3C5D025-015D-4BC0-942B-A4CB48B0A614}.Debug|x86.Build.0 = Debug|Any CPU
		{D3C5D025-015D-4BC0-942B-A4CB48B0A614}.Master|Any CPU.ActiveCfg = Release|Any CPU
		{D3C5D025-015D-4BC0-942B-A4CB48B0A614}.Master|Any CPU.Build.0 = Release|Any CPU
		{D3C5D025-015D-4BC0-942B-A4CB48B0A614}.Master|ARM.ActiveCfg = Release|Any CPU
		{D3C5D025-015D-4BC0-942B-A4CB48B0A614}.Master|ARM.Build.0 = Release|Any CPU
		{D3C5D025-015D-4BC0-942B-A4CB48B0A614}.Master|x64.ActiveCfg = Release|Any CPU
		{D3C5D025-015D-4BC0-942B-A4CB48B0A614}.Master|x64.Build.0 = Release|Any CPU
		{D3C5D025-015D-4BC0-942B-A4CB48B0A614}.Master|x86.ActiveCfg = Release|Any CPU
		{D3C5D025-015D-4BC0-942B-A4CB48B0A614}.Master|x86.Build.0 = Release|Any CPU
		{D3C5D025-015D-4BC0-942B-A4CB48B0A614}.Release|Any CPU.ActiveCfg = Release|Any CPU
		{D3C5D025-015D-4BC0-942B-A4CB48B0A614}.Release|Any CPU.Build.0 = Release|Any CPU
		{D3C5D025-015D-4BC0-942B-A4CB48B0A614}.Release|ARM.ActiveCfg = Release|Any CPU
		{D3C5D025-015D-4BC0-942B-A4CB48B0A614}.Release|ARM.Build.0 = Release|Any CPU
		{D3C5D025-015D-4BC0-942B-A4CB48B0A614}.Release|x64.ActiveCfg = Release|Any CPU
		{D3C5D025-015D-4BC0-942B-A4CB48B0A614}.Release|x64.Build.0 = Release|Any CPU
		{D3C5D025-015D-4BC0-942B-A4CB48B0A614}.Release|x86.ActiveCfg = Release|Any CPU
		{D3C5D025-015D-4BC0-942B-A4CB48B0A614}.Release|x86.Build.0 = Release|Any CPU
	EndGlobalSection
	GlobalSection(SolutionProperties) = preSolution
		HideSolutionNode = FALSE
	EndGlobalSection
EndGlobal
